
Microsoft Visual Studio Solution File, Format Version 12.00
# Visual Studio Version 17
VisualStudioVersion = 17.7.34031.279
MinimumVisualStudioVersion = 10.0.40219.1
Project("{FAE04EC0-301F-11D3-BF4B-00C04F79EFBC}") = "16 10 2023 туе", "16 10 2023 туе.csproj", "{5C149247-452F-4B8C-9FA6-7AADBA2BD8A5}"
EndProject
Global
	GlobalSection(SolutionConfigurationPlatforms) = preSolution
		Debug|Any CPU = Debug|Any CPU
		Release|Any CPU = Release|Any CPU
	EndGlobalSection
	GlobalSection(ProjectConfigurationPlatforms) = postSolution
		{5C149247-452F-4B8C-9FA6-7AADBA2BD8A5}.Debug|Any CPU.ActiveCfg = Debug|Any CPU
		{5C149247-452F-4B8C-9FA6-7AADBA2BD8A5}.Debug|Any CPU.Build.0 = Debug|Any CPU
		{5C149247-452F-4B8C-9FA6-7AADBA2BD8A5}.Release|Any CPU.ActiveCfg = Release|Any CPU
		{5C149247-452F-4B8C-9FA6-7AADBA2BD8A5}.Release|Any CPU.Build.0 = Release|Any CPU
	EndGlobalSection
	GlobalSection(SolutionProperties) = preSolution
		HideSolutionNode = FALSE
	EndGlobalSection
	GlobalSection(ExtensibilityGlobals) = postSolution
		SolutionGuid = {8DC30DD4-CF20-4F2E-AF4C-7EEBA3F4C3A9}
	EndGlobalSection
EndGlobal
